// !$*UTF8*$!
{
	archiveVersion = 1;
	classes = {
	};
	objectVersion = 55;
	objects = {

/* Begin PBXBuildFile section */
		470DE6D5284F958400FFB711 /* CustomColors.swift in Sources */ = {isa = PBXBuildFile; fileRef = 470DE6D3284F958400FFB711 /* CustomColors.swift */; };
		470DE6D6284F958400FFB711 /* RecognizeText.swift in Sources */ = {isa = PBXBuildFile; fileRef = 470DE6D4284F958400FFB711 /* RecognizeText.swift */; };
		473D8010284F99FD00D2FD6A /* BoxViewModel.swift in Sources */ = {isa = PBXBuildFile; fileRef = 473D800D284F99FD00D2FD6A /* BoxViewModel.swift */; };
		473D8011284F99FD00D2FD6A /* MedicineViewModel.swift in Sources */ = {isa = PBXBuildFile; fileRef = 473D800E284F99FD00D2FD6A /* MedicineViewModel.swift */; };
		473D8012284F99FD00D2FD6A /* MapViewModel.swift in Sources */ = {isa = PBXBuildFile; fileRef = 473D800F284F99FD00D2FD6A /* MapViewModel.swift */; };
		473D8017284F9A0800D2FD6A /* MedData.swift in Sources */ = {isa = PBXBuildFile; fileRef = 473D8013284F9A0800D2FD6A /* MedData.swift */; };
		473D8018284F9A0800D2FD6A /* MedState.swift in Sources */ = {isa = PBXBuildFile; fileRef = 473D8014284F9A0800D2FD6A /* MedState.swift */; };
		473D8019284F9A0800D2FD6A /* RecognizedContent.swift in Sources */ = {isa = PBXBuildFile; fileRef = 473D8015284F9A0800D2FD6A /* RecognizedContent.swift */; };
		473D801A284F9A0800D2FD6A /* MedBox.swift in Sources */ = {isa = PBXBuildFile; fileRef = 473D8016284F9A0800D2FD6A /* MedBox.swift */; };
		473D8020284F9A2A00D2FD6A /* CircleCheckBox.swift in Sources */ = {isa = PBXBuildFile; fileRef = 473D801B284F9A2A00D2FD6A /* CircleCheckBox.swift */; };
		473D8021284F9A2A00D2FD6A /* FactsCardView.swift in Sources */ = {isa = PBXBuildFile; fileRef = 473D801C284F9A2A00D2FD6A /* FactsCardView.swift */; };
		473D8022284F9A2A00D2FD6A /* MedCardView.swift in Sources */ = {isa = PBXBuildFile; fileRef = 473D801D284F9A2A00D2FD6A /* MedCardView.swift */; };
		473D8023284F9A2A00D2FD6A /* MiniMedCardView.swift in Sources */ = {isa = PBXBuildFile; fileRef = 473D801E284F9A2A00D2FD6A /* MiniMedCardView.swift */; };
		473D8024284F9A2A00D2FD6A /* DonateIcon.swift in Sources */ = {isa = PBXBuildFile; fileRef = 473D801F284F9A2A00D2FD6A /* DonateIcon.swift */; };
		473D802A284F9A4100D2FD6A /* MapView.swift in Sources */ = {isa = PBXBuildFile; fileRef = 473D8025284F9A4100D2FD6A /* MapView.swift */; };
		473D802B284F9A4100D2FD6A /* ScanView.swift in Sources */ = {isa = PBXBuildFile; fileRef = 473D8026284F9A4100D2FD6A /* ScanView.swift */; };
		473D802C284F9A4100D2FD6A /* SingleMedView.swift in Sources */ = {isa = PBXBuildFile; fileRef = 473D8027284F9A4100D2FD6A /* SingleMedView.swift */; };
		473D802D284F9A4100D2FD6A /* NewItemView.swift in Sources */ = {isa = PBXBuildFile; fileRef = 473D8028284F9A4100D2FD6A /* NewItemView.swift */; };
		473D802E284F9A4100D2FD6A /* AlertView.swift in Sources */ = {isa = PBXBuildFile; fileRef = 473D8029284F9A4100D2FD6A /* AlertView.swift */; };
		473D8031284F9A5000D2FD6A /* StepperView.swift in Sources */ = {isa = PBXBuildFile; fileRef = 473D802F284F9A5000D2FD6A /* StepperView.swift */; };
		473D8032284F9A5000D2FD6A /* CheckBoxView.swift in Sources */ = {isa = PBXBuildFile; fileRef = 473D8030284F9A5000D2FD6A /* CheckBoxView.swift */; };
		473D8037284F9A6500D2FD6A /* StatisticsView.swift in Sources */ = {isa = PBXBuildFile; fileRef = 473D8033284F9A6500D2FD6A /* StatisticsView.swift */; };
		473D8038284F9A6500D2FD6A /* SummaryView.swift in Sources */ = {isa = PBXBuildFile; fileRef = 473D8034284F9A6500D2FD6A /* SummaryView.swift */; };
		473D8039284F9A6500D2FD6A /* ContentView.swift in Sources */ = {isa = PBXBuildFile; fileRef = 473D8035284F9A6500D2FD6A /* ContentView.swift */; };
		473D803A284F9A6500D2FD6A /* CabinetView.swift in Sources */ = {isa = PBXBuildFile; fileRef = 473D8036284F9A6500D2FD6A /* CabinetView.swift */; };
		477C82E8284F91A600108CF2 /* Med_WasteApp.swift in Sources */ = {isa = PBXBuildFile; fileRef = 477C82E7284F91A600108CF2 /* Med_WasteApp.swift */; };
		477C82EC284F91A600108CF2 /* Assets.xcassets in Resources */ = {isa = PBXBuildFile; fileRef = 477C82EB284F91A600108CF2 /* Assets.xcassets */; };
		477C82EF284F91A600108CF2 /* Preview Assets.xcassets in Resources */ = {isa = PBXBuildFile; fileRef = 477C82EE284F91A600108CF2 /* Preview Assets.xcassets */; };
/* End PBXBuildFile section */

/* Begin PBXFileReference section */
		470DE6D3284F958400FFB711 /* CustomColors.swift */ = {isa = PBXFileReference; fileEncoding = 4; lastKnownFileType = sourcecode.swift; path = CustomColors.swift; sourceTree = "<group>"; };
		470DE6D4284F958400FFB711 /* RecognizeText.swift */ = {isa = PBXFileReference; fileEncoding = 4; lastKnownFileType = sourcecode.swift; path = RecognizeText.swift; sourceTree = "<group>"; };
		473D800D284F99FD00D2FD6A /* BoxViewModel.swift */ = {isa = PBXFileReference; fileEncoding = 4; lastKnownFileType = sourcecode.swift; path = BoxViewModel.swift; sourceTree = "<group>"; };
		473D800E284F99FD00D2FD6A /* MedicineViewModel.swift */ = {isa = PBXFileReference; fileEncoding = 4; lastKnownFileType = sourcecode.swift; path = MedicineViewModel.swift; sourceTree = "<group>"; };
		473D800F284F99FD00D2FD6A /* MapViewModel.swift */ = {isa = PBXFileReference; fileEncoding = 4; lastKnownFileType = sourcecode.swift; path = MapViewModel.swift; sourceTree = "<group>"; };
		473D8013284F9A0800D2FD6A /* MedData.swift */ = {isa = PBXFileReference; fileEncoding = 4; lastKnownFileType = sourcecode.swift; path = MedData.swift; sourceTree = "<group>"; };
		473D8014284F9A0800D2FD6A /* MedState.swift */ = {isa = PBXFileReference; fileEncoding = 4; lastKnownFileType = sourcecode.swift; path = MedState.swift; sourceTree = "<group>"; };
		473D8015284F9A0800D2FD6A /* RecognizedContent.swift */ = {isa = PBXFileReference; fileEncoding = 4; lastKnownFileType = sourcecode.swift; path = RecognizedContent.swift; sourceTree = "<group>"; };
		473D8016284F9A0800D2FD6A /* MedBox.swift */ = {isa = PBXFileReference; fileEncoding = 4; lastKnownFileType = sourcecode.swift; path = MedBox.swift; sourceTree = "<group>"; };
		473D801B284F9A2A00D2FD6A /* CircleCheckBox.swift */ = {isa = PBXFileReference; fileEncoding = 4; lastKnownFileType = sourcecode.swift; path = CircleCheckBox.swift; sourceTree = "<group>"; };
		473D801C284F9A2A00D2FD6A /* FactsCardView.swift */ = {isa = PBXFileReference; fileEncoding = 4; lastKnownFileType = sourcecode.swift; path = FactsCardView.swift; sourceTree = "<group>"; };
		473D801D284F9A2A00D2FD6A /* MedCardView.swift */ = {isa = PBXFileReference; fileEncoding = 4; lastKnownFileType = sourcecode.swift; path = MedCardView.swift; sourceTree = "<group>"; };
		473D801E284F9A2A00D2FD6A /* MiniMedCardView.swift */ = {isa = PBXFileReference; fileEncoding = 4; lastKnownFileType = sourcecode.swift; path = MiniMedCardView.swift; sourceTree = "<group>"; };
		473D801F284F9A2A00D2FD6A /* DonateIcon.swift */ = {isa = PBXFileReference; fileEncoding = 4; lastKnownFileType = sourcecode.swift; path = DonateIcon.swift; sourceTree = "<group>"; };
		473D8025284F9A4100D2FD6A /* MapView.swift */ = {isa = PBXFileReference; fileEncoding = 4; lastKnownFileType = sourcecode.swift; path = MapView.swift; sourceTree = "<group>"; };
		473D8026284F9A4100D2FD6A /* ScanView.swift */ = {isa = PBXFileReference; fileEncoding = 4; lastKnownFileType = sourcecode.swift; path = ScanView.swift; sourceTree = "<group>"; };
		473D8027284F9A4100D2FD6A /* SingleMedView.swift */ = {isa = PBXFileReference; fileEncoding = 4; lastKnownFileType = sourcecode.swift; path = SingleMedView.swift; sourceTree = "<group>"; };
		473D8028284F9A4100D2FD6A /* NewItemView.swift */ = {isa = PBXFileReference; fileEncoding = 4; lastKnownFileType = sourcecode.swift; path = NewItemView.swift; sourceTree = "<group>"; };
		473D8029284F9A4100D2FD6A /* AlertView.swift */ = {isa = PBXFileReference; fileEncoding = 4; lastKnownFileType = sourcecode.swift; path = AlertView.swift; sourceTree = "<group>"; };
		473D802F284F9A5000D2FD6A /* StepperView.swift */ = {isa = PBXFileReference; fileEncoding = 4; lastKnownFileType = sourcecode.swift; path = StepperView.swift; sourceTree = "<group>"; };
		473D8030284F9A5000D2FD6A /* CheckBoxView.swift */ = {isa = PBXFileReference; fileEncoding = 4; lastKnownFileType = sourcecode.swift; path = CheckBoxView.swift; sourceTree = "<group>"; };
		473D8033284F9A6500D2FD6A /* StatisticsView.swift */ = {isa = PBXFileReference; fileEncoding = 4; lastKnownFileType = sourcecode.swift; path = StatisticsView.swift; sourceTree = "<group>"; };
		473D8034284F9A6500D2FD6A /* SummaryView.swift */ = {isa = PBXFileReference; fileEncoding = 4; lastKnownFileType = sourcecode.swift; path = SummaryView.swift; sourceTree = "<group>"; };
		473D8035284F9A6500D2FD6A /* ContentView.swift */ = {isa = PBXFileReference; fileEncoding = 4; lastKnownFileType = sourcecode.swift; path = ContentView.swift; sourceTree = "<group>"; };
		473D8036284F9A6500D2FD6A /* CabinetView.swift */ = {isa = PBXFileReference; fileEncoding = 4; lastKnownFileType = sourcecode.swift; path = CabinetView.swift; sourceTree = "<group>"; };
		477C82E4284F91A600108CF2 /* Med_Waste.app */ = {isa = PBXFileReference; explicitFileType = wrapper.application; includeInIndex = 0; path = Med_Waste.app; sourceTree = BUILT_PRODUCTS_DIR; };
		477C82E7284F91A600108CF2 /* Med_WasteApp.swift */ = {isa = PBXFileReference; lastKnownFileType = sourcecode.swift; path = Med_WasteApp.swift; sourceTree = "<group>"; };
		477C82EB284F91A600108CF2 /* Assets.xcassets */ = {isa = PBXFileReference; lastKnownFileType = folder.assetcatalog; path = Assets.xcassets; sourceTree = "<group>"; };
		477C82EE284F91A600108CF2 /* Preview Assets.xcassets */ = {isa = PBXFileReference; lastKnownFileType = folder.assetcatalog; path = "Preview Assets.xcassets"; sourceTree = "<group>"; };
/* End PBXFileReference section */

/* Begin PBXFrameworksBuildPhase section */
		477C82E1284F91A600108CF2 /* Frameworks */ = {
			isa = PBXFrameworksBuildPhase;
			buildActionMask = 2147483647;
			files = (
			);
			runOnlyForDeploymentPostprocessing = 0;
		};
/* End PBXFrameworksBuildPhase section */

/* Begin PBXGroup section */
		470DE6C6284F954C00FFB711 /* Models */ = {
			isa = PBXGroup;
			children = (
				473D8016284F9A0800D2FD6A /* MedBox.swift */,
				473D8013284F9A0800D2FD6A /* MedData.swift */,
				473D8014284F9A0800D2FD6A /* MedState.swift */,
				473D8015284F9A0800D2FD6A /* RecognizedContent.swift */,
			);
			path = Models;
			sourceTree = "<group>";
		};
		470DE6CB284F956000FFB711 /* ViewModel */ = {
			isa = PBXGroup;
			children = (
				473D800D284F99FD00D2FD6A /* BoxViewModel.swift */,
				473D800F284F99FD00D2FD6A /* MapViewModel.swift */,
				473D800E284F99FD00D2FD6A /* MedicineViewModel.swift */,
			);
			path = ViewModel;
			sourceTree = "<group>";
		};
		470DE6D2284F957C00FFB711 /* Constants */ = {
			isa = PBXGroup;
			children = (
				470DE6D3284F958400FFB711 /* CustomColors.swift */,
				470DE6D4284F958400FFB711 /* RecognizeText.swift */,
			);
			path = Constants;
			sourceTree = "<group>";
		};
		470DE6D7284F959300FFB711 /* Views */ = {
			isa = PBXGroup;
			children = (
				470DE6DB284F95B300FFB711 /* ButtonViews */,
				470DE6DA284F95A900FFB711 /* Sheets */,
				470DE6D9284F95A100FFB711 /* Main */,
				470DE6D8284F959A00FFB711 /* Cards */,
			);
			path = Views;
			sourceTree = "<group>";
		};
		470DE6D8284F959A00FFB711 /* Cards */ = {
			isa = PBXGroup;
			children = (
				473D801B284F9A2A00D2FD6A /* CircleCheckBox.swift */,
				473D801F284F9A2A00D2FD6A /* DonateIcon.swift */,
				473D801C284F9A2A00D2FD6A /* FactsCardView.swift */,
				473D801D284F9A2A00D2FD6A /* MedCardView.swift */,
				473D801E284F9A2A00D2FD6A /* MiniMedCardView.swift */,
			);
			path = Cards;
			sourceTree = "<group>";
		};
		470DE6D9284F95A100FFB711 /* Main */ = {
			isa = PBXGroup;
			children = (
				473D8036284F9A6500D2FD6A /* CabinetView.swift */,
				473D8035284F9A6500D2FD6A /* ContentView.swift */,
				473D8033284F9A6500D2FD6A /* StatisticsView.swift */,
				473D8034284F9A6500D2FD6A /* SummaryView.swift */,
			);
			path = Main;
			sourceTree = "<group>";
		};
		470DE6DA284F95A900FFB711 /* Sheets */ = {
			isa = PBXGroup;
			children = (
				473D8029284F9A4100D2FD6A /* AlertView.swift */,
				473D8025284F9A4100D2FD6A /* MapView.swift */,
				473D8028284F9A4100D2FD6A /* NewItemView.swift */,
				473D8026284F9A4100D2FD6A /* ScanView.swift */,
				473D8027284F9A4100D2FD6A /* SingleMedView.swift */,
			);
			path = Sheets;
			sourceTree = "<group>";
		};
		470DE6DB284F95B300FFB711 /* ButtonViews */ = {
			isa = PBXGroup;
			children = (
				473D8030284F9A5000D2FD6A /* CheckBoxView.swift */,
				473D802F284F9A5000D2FD6A /* StepperView.swift */,
			);
			path = ButtonViews;
			sourceTree = "<group>";
		};
		477C82DB284F91A600108CF2 = {
			isa = PBXGroup;
			children = (
				477C82E6284F91A600108CF2 /* Med_Waste */,
				477C82E5284F91A600108CF2 /* Products */,
			);
			sourceTree = "<group>";
		};
		477C82E5284F91A600108CF2 /* Products */ = {
			isa = PBXGroup;
			children = (
				477C82E4284F91A600108CF2 /* Med_Waste.app */,
			);
			name = Products;
			sourceTree = "<group>";
		};
		477C82E6284F91A600108CF2 /* Med_Waste */ = {
			isa = PBXGroup;
			children = (
				470DE6D7284F959300FFB711 /* Views */,
				470DE6D2284F957C00FFB711 /* Constants */,
				470DE6CB284F956000FFB711 /* ViewModel */,
				470DE6C6284F954C00FFB711 /* Models */,
				477C82E7284F91A600108CF2 /* Med_WasteApp.swift */,
				477C82EB284F91A600108CF2 /* Assets.xcassets */,
				477C82ED284F91A600108CF2 /* Preview Content */,
			);
			path = Med_Waste;
			sourceTree = "<group>";
		};
		477C82ED284F91A600108CF2 /* Preview Content */ = {
			isa = PBXGroup;
			children = (
				477C82EE284F91A600108CF2 /* Preview Assets.xcassets */,
			);
			path = "Preview Content";
			sourceTree = "<group>";
		};
/* End PBXGroup section */

/* Begin PBXNativeTarget section */
		477C82E3284F91A600108CF2 /* Med_Waste */ = {
			isa = PBXNativeTarget;
			buildConfigurationList = 477C82F2284F91A600108CF2 /* Build configuration list for PBXNativeTarget "Med_Waste" */;
			buildPhases = (
				477C82E0284F91A600108CF2 /* Sources */,
				477C82E1284F91A600108CF2 /* Frameworks */,
				477C82E2284F91A600108CF2 /* Resources */,
			);
			buildRules = (
			);
			dependencies = (
			);
			name = Med_Waste;
			productName = Med_Waste;
			productReference = 477C82E4284F91A600108CF2 /* Med_Waste.app */;
			productType = "com.apple.product-type.application";
		};
/* End PBXNativeTarget section */

/* Begin PBXProject section */
		477C82DC284F91A600108CF2 /* Project object */ = {
			isa = PBXProject;
			attributes = {
				BuildIndependentTargetsInParallel = 1;
				LastSwiftUpdateCheck = 1320;
				LastUpgradeCheck = 1320;
				TargetAttributes = {
					477C82E3284F91A600108CF2 = {
						CreatedOnToolsVersion = 13.2.1;
					};
				};
			};
			buildConfigurationList = 477C82DF284F91A600108CF2 /* Build configuration list for PBXProject "Med_Waste" */;
			compatibilityVersion = "Xcode 13.0";
			developmentRegion = en;
			hasScannedForEncodings = 0;
			knownRegions = (
				en,
				Base,
			);
			mainGroup = 477C82DB284F91A600108CF2;
			productRefGroup = 477C82E5284F91A600108CF2 /* Products */;
			projectDirPath = "";
			projectRoot = "";
			targets = (
				477C82E3284F91A600108CF2 /* Med_Waste */,
			);
		};
/* End PBXProject section */

/* Begin PBXResourcesBuildPhase section */
		477C82E2284F91A600108CF2 /* Resources */ = {
			isa = PBXResourcesBuildPhase;
			buildActionMask = 2147483647;
			files = (
				477C82EF284F91A600108CF2 /* Preview Assets.xcassets in Resources */,
				477C82EC284F91A600108CF2 /* Assets.xcassets in Resources */,
			);
			runOnlyForDeploymentPostprocessing = 0;
		};
/* End PBXResourcesBuildPhase section */

/* Begin PBXSourcesBuildPhase section */
		477C82E0284F91A600108CF2 /* Sources */ = {
			isa = PBXSourcesBuildPhase;
			buildActionMask = 2147483647;
			files = (
				473D8010284F99FD00D2FD6A /* BoxViewModel.swift in Sources */,
				473D8039284F9A6500D2FD6A /* ContentView.swift in Sources */,
				473D802C284F9A4100D2FD6A /* SingleMedView.swift in Sources */,
				473D8037284F9A6500D2FD6A /* StatisticsView.swift in Sources */,
				473D8019284F9A0800D2FD6A /* RecognizedContent.swift in Sources */,
				473D8021284F9A2A00D2FD6A /* FactsCardView.swift in Sources */,
				473D8038284F9A6500D2FD6A /* SummaryView.swift in Sources */,
				473D803A284F9A6500D2FD6A /* CabinetView.swift in Sources */,
				473D802A284F9A4100D2FD6A /* MapView.swift in Sources */,
				473D802B284F9A4100D2FD6A /* ScanView.swift in Sources */,
				473D8012284F99FD00D2FD6A /* MapViewModel.swift in Sources */,
				473D801A284F9A0800D2FD6A /* MedBox.swift in Sources */,
				473D8032284F9A5000D2FD6A /* CheckBoxView.swift in Sources */,
				473D8022284F9A2A00D2FD6A /* MedCardView.swift in Sources */,
				473D8020284F9A2A00D2FD6A /* CircleCheckBox.swift in Sources */,
				473D8031284F9A5000D2FD6A /* StepperView.swift in Sources */,
				473D8018284F9A0800D2FD6A /* MedState.swift in Sources */,
				470DE6D6284F958400FFB711 /* RecognizeText.swift in Sources */,
				473D802D284F9A4100D2FD6A /* NewItemView.swift in Sources */,
				473D8017284F9A0800D2FD6A /* MedData.swift in Sources */,
				473D8023284F9A2A00D2FD6A /* MiniMedCardView.swift in Sources */,
				477C82E8284F91A600108CF2 /* Med_WasteApp.swift in Sources */,
				473D8024284F9A2A00D2FD6A /* DonateIcon.swift in Sources */,
				473D802E284F9A4100D2FD6A /* AlertView.swift in Sources */,
				470DE6D5284F958400FFB711 /* CustomColors.swift in Sources */,
				473D8011284F99FD00D2FD6A /* MedicineViewModel.swift in Sources */,
			);
			runOnlyForDeploymentPostprocessing = 0;
		};
/* End PBXSourcesBuildPhase section */

/* Begin XCBuildConfiguration section */
		477C82F0284F91A600108CF2 /* Debug */ = {
			isa = XCBuildConfiguration;
			buildSettings = {
				ALWAYS_SEARCH_USER_PATHS = NO;
				CLANG_ANALYZER_NONNULL = YES;
				CLANG_ANALYZER_NUMBER_OBJECT_CONVERSION = YES_AGGRESSIVE;
				CLANG_CXX_LANGUAGE_STANDARD = "gnu++17";
				CLANG_CXX_LIBRARY = "libc++";
				CLANG_ENABLE_MODULES = YES;
				CLANG_ENABLE_OBJC_ARC = YES;
				CLANG_ENABLE_OBJC_WEAK = YES;
				CLANG_WARN_BLOCK_CAPTURE_AUTORELEASING = YES;
				CLANG_WARN_BOOL_CONVERSION = YES;
				CLANG_WARN_COMMA = YES;
				CLANG_WARN_CONSTANT_CONVERSION = YES;
				CLANG_WARN_DEPRECATED_OBJC_IMPLEMENTATIONS = YES;
				CLANG_WARN_DIRECT_OBJC_ISA_USAGE = YES_ERROR;
				CLANG_WARN_DOCUMENTATION_COMMENTS = YES;
				CLANG_WARN_EMPTY_BODY = YES;
				CLANG_WARN_ENUM_CONVERSION = YES;
				CLANG_WARN_INFINITE_RECURSION = YES;
				CLANG_WARN_INT_CONVERSION = YES;
				CLANG_WARN_NON_LITERAL_NULL_CONVERSION = YES;
				CLANG_WARN_OBJC_IMPLICIT_RETAIN_SELF = YES;
				CLANG_WARN_OBJC_LITERAL_CONVERSION = YES;
				CLANG_WARN_OBJC_ROOT_CLASS = YES_ERROR;
				CLANG_WARN_QUOTED_INCLUDE_IN_FRAMEWORK_HEADER = YES;
				CLANG_WARN_RANGE_LOOP_ANALYSIS = YES;
				CLANG_WARN_STRICT_PROTOTYPES = YES;
				CLANG_WARN_SUSPICIOUS_MOVE = YES;
				CLANG_WARN_UNGUARDED_AVAILABILITY = YES_AGGRESSIVE;
				CLANG_WARN_UNREACHABLE_CODE = YES;
				CLANG_WARN__DUPLICATE_METHOD_MATCH = YES;
				COPY_PHASE_STRIP = NO;
				DEBUG_INFORMATION_FORMAT = dwarf;
				ENABLE_STRICT_OBJC_MSGSEND = YES;
				ENABLE_TESTABILITY = YES;
				GCC_C_LANGUAGE_STANDARD = gnu11;
				GCC_DYNAMIC_NO_PIC = NO;
				GCC_NO_COMMON_BLOCKS = YES;
				GCC_OPTIMIZATION_LEVEL = 0;
				GCC_PREPROCESSOR_DEFINITIONS = (
					"DEBUG=1",
					"$(inherited)",
				);
				GCC_WARN_64_TO_32_BIT_CONVERSION = YES;
				GCC_WARN_ABOUT_RETURN_TYPE = YES_ERROR;
				GCC_WARN_UNDECLARED_SELECTOR = YES;
				GCC_WARN_UNINITIALIZED_AUTOS = YES_AGGRESSIVE;
				GCC_WARN_UNUSED_FUNCTION = YES;
				GCC_WARN_UNUSED_VARIABLE = YES;
				IPHONEOS_DEPLOYMENT_TARGET = 15.2;
				MTL_ENABLE_DEBUG_INFO = INCLUDE_SOURCE;
				MTL_FAST_MATH = YES;
				ONLY_ACTIVE_ARCH = YES;
				SDKROOT = iphoneos;
				SWIFT_ACTIVE_COMPILATION_CONDITIONS = DEBUG;
				SWIFT_OPTIMIZATION_LEVEL = "-Onone";
			};
			name = Debug;
		};
		477C82F1284F91A600108CF2 /* Release */ = {
			isa = XCBuildConfiguration;
			buildSettings = {
				ALWAYS_SEARCH_USER_PATHS = NO;
				CLANG_ANALYZER_NONNULL = YES;
				CLANG_ANALYZER_NUMBER_OBJECT_CONVERSION = YES_AGGRESSIVE;
				CLANG_CXX_LANGUAGE_STANDARD = "gnu++17";
				CLANG_CXX_LIBRARY = "libc++";
				CLANG_ENABLE_MODULES = YES;
				CLANG_ENABLE_OBJC_ARC = YES;
				CLANG_ENABLE_OBJC_WEAK = YES;
				CLANG_WARN_BLOCK_CAPTURE_AUTORELEASING = YES;
				CLANG_WARN_BOOL_CONVERSION = YES;
				CLANG_WARN_COMMA = YES;
				CLANG_WARN_CONSTANT_CONVERSION = YES;
				CLANG_WARN_DEPRECATED_OBJC_IMPLEMENTATIONS = YES;
				CLANG_WARN_DIRECT_OBJC_ISA_USAGE = YES_ERROR;
				CLANG_WARN_DOCUMENTATION_COMMENTS = YES;
				CLANG_WARN_EMPTY_BODY = YES;
				CLANG_WARN_ENUM_CONVERSION = YES;
				CLANG_WARN_INFINITE_RECURSION = YES;
				CLANG_WARN_INT_CONVERSION = YES;
				CLANG_WARN_NON_LITERAL_NULL_CONVERSION = YES;
				CLANG_WARN_OBJC_IMPLICIT_RETAIN_SELF = YES;
				CLANG_WARN_OBJC_LITERAL_CONVERSION = YES;
				CLANG_WARN_OBJC_ROOT_CLASS = YES_ERROR;
				CLANG_WARN_QUOTED_INCLUDE_IN_FRAMEWORK_HEADER = YES;
				CLANG_WARN_RANGE_LOOP_ANALYSIS = YES;
				CLANG_WARN_STRICT_PROTOTYPES = YES;
				CLANG_WARN_SUSPICIOUS_MOVE = YES;
				CLANG_WARN_UNGUARDED_AVAILABILITY = YES_AGGRESSIVE;
				CLANG_WARN_UNREACHABLE_CODE = YES;
				CLANG_WARN__DUPLICATE_METHOD_MATCH = YES;
				COPY_PHASE_STRIP = NO;
				DEBUG_INFORMATION_FORMAT = "dwarf-with-dsym";
				ENABLE_NS_ASSERTIONS = NO;
				ENABLE_STRICT_OBJC_MSGSEND = YES;
				GCC_C_LANGUAGE_STANDARD = gnu11;
				GCC_NO_COMMON_BLOCKS = YES;
				GCC_WARN_64_TO_32_BIT_CONVERSION = YES;
				GCC_WARN_ABOUT_RETURN_TYPE = YES_ERROR;
				GCC_WARN_UNDECLARED_SELECTOR = YES;
				GCC_WARN_UNINITIALIZED_AUTOS = YES_AGGRESSIVE;
				GCC_WARN_UNUSED_FUNCTION = YES;
				GCC_WARN_UNUSED_VARIABLE = YES;
				IPHONEOS_DEPLOYMENT_TARGET = 15.2;
				MTL_ENABLE_DEBUG_INFO = NO;
				MTL_FAST_MATH = YES;
				SDKROOT = iphoneos;
				SWIFT_COMPILATION_MODE = wholemodule;
				SWIFT_OPTIMIZATION_LEVEL = "-O";
				VALIDATE_PRODUCT = YES;
			};
			name = Release;
		};
		477C82F3284F91A600108CF2 /* Debug */ = {
			isa = XCBuildConfiguration;
			buildSettings = {
				ASSETCATALOG_COMPILER_APPICON_NAME = AppIcon;
				ASSETCATALOG_COMPILER_GLOBAL_ACCENT_COLOR_NAME = AccentColor;
				CODE_SIGN_STYLE = Automatic;
				CURRENT_PROJECT_VERSION = 1;
				DEVELOPMENT_ASSET_PATHS = "\"Med_Waste/Preview Content\"";
				DEVELOPMENT_TEAM = U7LH8RJ437;
				ENABLE_PREVIEWS = YES;
				GENERATE_INFOPLIST_FILE = YES;
				INFOPLIST_KEY_UIApplicationSceneManifest_Generation = YES;
				INFOPLIST_KEY_UIApplicationSupportsIndirectInputEvents = YES;
				INFOPLIST_KEY_UILaunchScreen_Generation = YES;
				INFOPLIST_KEY_UISupportedInterfaceOrientations_iPad = "UIInterfaceOrientationPortrait UIInterfaceOrientationPortraitUpsideDown UIInterfaceOrientationLandscapeLeft UIInterfaceOrientationLandscapeRight";
				INFOPLIST_KEY_UISupportedInterfaceOrientations_iPhone = "UIInterfaceOrientationPortrait UIInterfaceOrientationLandscapeLeft UIInterfaceOrientationLandscapeRight";
				LD_RUNPATH_SEARCH_PATHS = (
					"$(inherited)",
					"@executable_path/Frameworks",
				);
				MARKETING_VERSION = 1.0;
				PRODUCT_BUNDLE_IDENTIFIER = "com.jasmineaufiero.Med-Waste";
				PRODUCT_NAME = "$(TARGET_NAME)";
				SWIFT_EMIT_LOC_STRINGS = YES;
				SWIFT_VERSION = 5.0;
				TARGETED_DEVICE_FAMILY = "1,2";
			};
			name = Debug;
		};
		477C82F4284F91A600108CF2 /* Release */ = {
			isa = XCBuildConfiguration;
			buildSettings = {
				ASSETCATALOG_COMPILER_APPICON_NAME = AppIcon;
				ASSETCATALOG_COMPILER_GLOBAL_ACCENT_COLOR_NAME = AccentColor;
				CODE_SIGN_STYLE = Automatic;
				CURRENT_PROJECT_VERSION = 1;
				DEVELOPMENT_ASSET_PATHS = "\"Med_Waste/Preview Content\"";
				DEVELOPMENT_TEAM = U7LH8RJ437;
				ENABLE_PREVIEWS = YES;
				GENERATE_INFOPLIST_FILE = YES;
				INFOPLIST_KEY_UIApplicationSceneManifest_Generation = YES;
				INFOPLIST_KEY_UIApplicationSupportsIndirectInputEvents = YES;
				INFOPLIST_KEY_UILaunchScreen_Generation = YES;
				INFOPLIST_KEY_UISupportedInterfaceOrientations_iPad = "UIInterfaceOrientationPortrait UIInterfaceOrientationPortraitUpsideDown UIInterfaceOrientationLandscapeLeft UIInterfaceOrientationLandscapeRight";
				INFOPLIST_KEY_UISupportedInterfaceOrientations_iPhone = "UIInterfaceOrientationPortrait UIInterfaceOrientationLandscapeLeft UIInterfaceOrientationLandscapeRight";
				LD_RUNPATH_SEARCH_PATHS = (
					"$(inherited)",
					"@executable_path/Frameworks",
				);
				MARKETING_VERSION = 1.0;
				PRODUCT_BUNDLE_IDENTIFIER = "com.jasmineaufiero.Med-Waste";
				PRODUCT_NAME = "$(TARGET_NAME)";
				SWIFT_EMIT_LOC_STRINGS = YES;
				SWIFT_VERSION = 5.0;
				TARGETED_DEVICE_FAMILY = "1,2";
			};
			name = Release;
		};
/* End XCBuildConfiguration section */

/* Begin XCConfigurationList section */
		477C82DF284F91A600108CF2 /* Build configuration list for PBXProject "Med_Waste" */ = {
			isa = XCConfigurationList;
			buildConfigurations = (
				477C82F0284F91A600108CF2 /* Debug */,
				477C82F1284F91A600108CF2 /* Release */,
			);
			defaultConfigurationIsVisible = 0;
			defaultConfigurationName = Release;
		};
		477C82F2284F91A600108CF2 /* Build configuration list for PBXNativeTarget "Med_Waste" */ = {
			isa = XCConfigurationList;
			buildConfigurations = (
				477C82F3284F91A600108CF2 /* Debug */,
				477C82F4284F91A600108CF2 /* Release */,
			);
			defaultConfigurationIsVisible = 0;
			defaultConfigurationName = Release;
		};
/* End XCConfigurationList section */
	};
	rootObject = 477C82DC284F91A600108CF2 /* Project object */;
}
